{
  "version": "5",
  "specifiers": {
    "jsr:@sigma/deno-compat@0.3": "0.3.0",
    "jsr:@sigma/parse@0.18": "0.18.0",
    "jsr:@std/fs@^1.0.20": "1.0.20",
    "jsr:@std/internal@^1.0.12": "1.0.12",
    "jsr:@std/path@^1.1.3": "1.1.3",
    "npm:@types/node@*": "24.2.0"
  },
  "jsr": {
    "@sigma/deno-compat@0.3.0": {
      "integrity": "0c4365b7d345990b71fb71ae4acbb091baf790820f97a2282ab549754b564b4e"
    },
    "@sigma/parse@0.18.0": {
      "integrity": "b5a13b0e808a0e9a69581ac92ca9d0efab2649064366ff94222455ceb381da2f"
    },
    "@std/fs@1.0.20": {
      "integrity": "e953206aae48d46ee65e8783ded459f23bec7dd1f3879512911c35e5484ea187",
      "dependencies": [
        "jsr:@std/internal",
        "jsr:@std/path"
      ]
    },
    "@std/internal@1.0.12": {
      "integrity": "972a634fd5bc34b242024402972cd5143eac68d8dffaca5eaa4dba30ce17b027"
    },
    "@std/path@1.1.3": {
      "integrity": "b015962d82a5e6daea980c32b82d2c40142149639968549c649031a230b1afb3",
      "dependencies": [
        "jsr:@std/internal"
      ]
    }
  },
  "npm": {
    "@types/node@24.2.0": {
      "integrity": "sha512-3xyG3pMCq3oYCNg7/ZP+E1ooTaGB4cG8JWRsqqOYQdbWNY4zbaV0Ennrd7stjiJEFZCaybcIgpTjJWHRfBSIDw==",
      "dependencies": [
        "undici-types"
      ]
    },
    "undici-types@7.10.0": {
      "integrity": "sha512-t5Fy/nfn+14LuOc2KNYg75vZqClpAiqscVvMygNnlsHBFpSXdJaYtXMcdNLpl/Qvc3P2cB3s6lOV51nqsFq4ag=="
    }
  },
  "workspace": {
    "dependencies": [
      "jsr:@sigma/deno-compat@0.3",
      "jsr:@sigma/parse@0.18",
      "jsr:@std/fs@^1.0.20",
      "jsr:@std/path@^1.1.3"
    ]
  }
}
